
Microsoft Visual Studio Solution File, Format Version 12.00
# Visual Studio Version 17
VisualStudioVersion = 17.9.34728.123
MinimumVisualStudioVersion = 10.0.40219.1
Project("{888888A0-9F3D-457C-B088-3A5042F75D52}") = "tictaetoe", "tictaetoe\tictaetoe.pyproj", "{36857525-7875-4084-9117-941911D1922C}"
EndProject
Global
	GlobalSection(SolutionConfigurationPlatforms) = preSolution
		Debug|Any CPU = Debug|Any CPU
		Release|Any CPU = Release|Any CPU
	EndGlobalSection
	GlobalSection(ProjectConfigurationPlatforms) = postSolution
		{36857525-7875-4084-9117-941911D1922C}.Debug|Any CPU.ActiveCfg = Debug|Any CPU
		{36857525-7875-4084-9117-941911D1922C}.Release|Any CPU.ActiveCfg = Release|Any CPU
	EndGlobalSection
	GlobalSection(SolutionProperties) = preSolution
		HideSolutionNode = FALSE
	EndGlobalSection
	GlobalSection(ExtensibilityGlobals) = postSolution
		SolutionGuid = {CBC70CBB-E7E1-4D37-A74F-1C7FA2612C41}
	EndGlobalSection
EndGlobal
